// !$*UTF8*$!
{
	archiveVersion = 1;
	classes = {
	};
	objectVersion = 50;
	objects = {

/* Begin PBXBuildFile section */
		D30F5316219EEA550020E8FE /* chessBoardPosition.swift in Sources */ = {isa = PBXBuildFile; fileRef = D30F5315219EEA550020E8FE /* chessBoardPosition.swift */; };
		D30F533A219F1F6A0020E8FE /* MenuScene.sks in Resources */ = {isa = PBXBuildFile; fileRef = D30F5339219F1F6A0020E8FE /* MenuScene.sks */; };
		D30F533C219F1F9E0020E8FE /* MenuScene.swift in Sources */ = {isa = PBXBuildFile; fileRef = D30F533B219F1F9E0020E8FE /* MenuScene.swift */; };
		D31D04CE2196BE5700B95A99 /* AppDelegate.swift in Sources */ = {isa = PBXBuildFile; fileRef = D31D04CD2196BE5700B95A99 /* AppDelegate.swift */; };
		D31D04D02196BE5700B95A99 /* GameScene.sks in Resources */ = {isa = PBXBuildFile; fileRef = D31D04CF2196BE5700B95A99 /* GameScene.sks */; };
		D31D04D22196BE5700B95A99 /* Actions.sks in Resources */ = {isa = PBXBuildFile; fileRef = D31D04D12196BE5700B95A99 /* Actions.sks */; };
		D31D04D42196BE5700B95A99 /* GameScene.swift in Sources */ = {isa = PBXBuildFile; fileRef = D31D04D32196BE5700B95A99 /* GameScene.swift */; };
		D31D04D62196BE5700B95A99 /* GameViewController.swift in Sources */ = {isa = PBXBuildFile; fileRef = D31D04D52196BE5700B95A99 /* GameViewController.swift */; };
		D31D04D92196BE5700B95A99 /* Main.storyboard in Resources */ = {isa = PBXBuildFile; fileRef = D31D04D72196BE5700B95A99 /* Main.storyboard */; };
		D31D04DB2196BE5A00B95A99 /* Assets.xcassets in Resources */ = {isa = PBXBuildFile; fileRef = D31D04DA2196BE5A00B95A99 /* Assets.xcassets */; };
		D31D04DE2196BE5A00B95A99 /* LaunchScreen.storyboard in Resources */ = {isa = PBXBuildFile; fileRef = D31D04DC2196BE5A00B95A99 /* LaunchScreen.storyboard */; };
		D31D04E62196C18300B95A99 /* chessBoardTiles.sks in Resources */ = {isa = PBXBuildFile; fileRef = D31D04E52196C18300B95A99 /* chessBoardTiles.sks */; };
		D31D04EE21973F1A00B95A99 /* Grid.swift in Sources */ = {isa = PBXBuildFile; fileRef = D31D04ED21973F1A00B95A99 /* Grid.swift */; };
		D31D04F0219751DC00B95A99 /* Reversi.swift in Sources */ = {isa = PBXBuildFile; fileRef = D31D04EF219751DB00B95A99 /* Reversi.swift */; };
		D35473A222213CDD00178015 /* Localizable.strings in Resources */ = {isa = PBXBuildFile; fileRef = D35473A422213CDD00178015 /* Localizable.strings */; };
		D35473B922214DA200178015 /* InfoPlist.strings in Resources */ = {isa = PBXBuildFile; fileRef = D35473B722214DA200178015 /* InfoPlist.strings */; };
		D354FA6921C967D7009BF321 /* saveUtility.swift in Sources */ = {isa = PBXBuildFile; fileRef = D354FA6821C967D7009BF321 /* saveUtility.swift */; };
		D3562D112232E36D00E94049 /* Button.swift in Sources */ = {isa = PBXBuildFile; fileRef = D3562D102232E36D00E94049 /* Button.swift */; };
		D362569A22047198005206B8 /* background.mp3 in Resources */ = {isa = PBXBuildFile; fileRef = D362569922047198005206B8 /* background.mp3 */; };
		D362569C22047740005206B8 /* musicPlayer.swift in Sources */ = {isa = PBXBuildFile; fileRef = D362569B22047740005206B8 /* musicPlayer.swift */; };
		D36256A0220488A2005206B8 /* HintBubble.swift in Sources */ = {isa = PBXBuildFile; fileRef = D362569F220488A2005206B8 /* HintBubble.swift */; };
		D36271E92212F20D00E2790F /* negative-circled-number.ttf in Resources */ = {isa = PBXBuildFile; fileRef = D36271E82212F20D00E2790F /* negative-circled-number.ttf */; };
		D365CFBB222840EE00A71444 /* FlipsIndicator.swift in Sources */ = {isa = PBXBuildFile; fileRef = D365CFBA222840EE00A71444 /* FlipsIndicator.swift */; };
		D36866052225A69200236572 /* SharedVariable.swift in Sources */ = {isa = PBXBuildFile; fileRef = D36866042225A69200236572 /* SharedVariable.swift */; };
		D36AC69B219C0EBC00069D17 /* extension.swift in Sources */ = {isa = PBXBuildFile; fileRef = D36AC69A219C0EBC00069D17 /* extension.swift */; };
		D38924C1222A4DD100DD2640 /* SKMultilineLabelNode.swift in Sources */ = {isa = PBXBuildFile; fileRef = D38924C0222A4DD100DD2640 /* SKMultilineLabelNode.swift */; };
		D3A988C0220D73DA0047E420 /* Challenge.swift in Sources */ = {isa = PBXBuildFile; fileRef = D3A988BF220D73DA0047E420 /* Challenge.swift */; };
		D3B5584921EB164400F96AE8 /* CustomSlider.swift in Sources */ = {isa = PBXBuildFile; fileRef = D3B5584821EB164400F96AE8 /* CustomSlider.swift */; };
		D3B8EF6D22145FC9003F78B4 /* TitleScene.swift in Sources */ = {isa = PBXBuildFile; fileRef = D3B8EF6C22145FC9003F78B4 /* TitleScene.swift */; };
		D3B8EF6F22145FE1003F78B4 /* LevelSelectScene.swift in Sources */ = {isa = PBXBuildFile; fileRef = D3B8EF6E22145FE1003F78B4 /* LevelSelectScene.swift */; };
		D3B8EF7122145FF7003F78B4 /* ModeSelectScene.swift in Sources */ = {isa = PBXBuildFile; fileRef = D3B8EF7022145FF7003F78B4 /* ModeSelectScene.swift */; };
		D3B8EF732214642D003F78B4 /* UI.swift in Sources */ = {isa = PBXBuildFile; fileRef = D3B8EF722214642D003F78B4 /* UI.swift */; };
		D3BB9B8321CD0FA8001B5AAE /* weight.swift in Sources */ = {isa = PBXBuildFile; fileRef = D3BB9B8221CD0FA8001B5AAE /* weight.swift */; };
		D3BB9B8521CD0FD9001B5AAE /* Player.swift in Sources */ = {isa = PBXBuildFile; fileRef = D3BB9B8421CD0FD9001B5AAE /* Player.swift */; };
		D3CF0A78224F686C00F5FCA1 /* GestureGuide.swift in Sources */ = {isa = PBXBuildFile; fileRef = D3CF0A77224F686C00F5FCA1 /* GestureGuide.swift */; };
		D3CF0A7A224F687900F5FCA1 /* ScrollTextBox.swift in Sources */ = {isa = PBXBuildFile; fileRef = D3CF0A79224F687900F5FCA1 /* ScrollTextBox.swift */; };
		D3CF0A7C224F688800F5FCA1 /* MessageBox.swift in Sources */ = {isa = PBXBuildFile; fileRef = D3CF0A7B224F688800F5FCA1 /* MessageBox.swift */; };
		D3CF0A7E224F6B4100F5FCA1 /* MessageAction.swift in Sources */ = {isa = PBXBuildFile; fileRef = D3CF0A7D224F6B4100F5FCA1 /* MessageAction.swift */; };
/* End PBXBuildFile section */

/* Begin PBXFileReference section */
		D30F5315219EEA550020E8FE /* chessBoardPosition.swift */ = {isa = PBXFileReference; lastKnownFileType = sourcecode.swift; path = chessBoardPosition.swift; sourceTree = "<group>"; };
		D30F5339219F1F6A0020E8FE /* MenuScene.sks */ = {isa = PBXFileReference; lastKnownFileType = file.sks; path = MenuScene.sks; sourceTree = "<group>"; };
		D30F533B219F1F9E0020E8FE /* MenuScene.swift */ = {isa = PBXFileReference; lastKnownFileType = sourcecode.swift; path = MenuScene.swift; sourceTree = "<group>"; };
		D31D04CA2196BE5700B95A99 /* Reversi.app */ = {isa = PBXFileReference; explicitFileType = wrapper.application; includeInIndex = 0; path = Reversi.app; sourceTree = BUILT_PRODUCTS_DIR; };
		D31D04CD2196BE5700B95A99 /* AppDelegate.swift */ = {isa = PBXFileReference; lastKnownFileType = sourcecode.swift; path = AppDelegate.swift; sourceTree = "<group>"; };
		D31D04CF2196BE5700B95A99 /* GameScene.sks */ = {isa = PBXFileReference; lastKnownFileType = file.sks; path = GameScene.sks; sourceTree = "<group>"; };
		D31D04D12196BE5700B95A99 /* Actions.sks */ = {isa = PBXFileReference; lastKnownFileType = file.sks; path = Actions.sks; sourceTree = "<group>"; };
		D31D04D32196BE5700B95A99 /* GameScene.swift */ = {isa = PBXFileReference; lastKnownFileType = sourcecode.swift; path = GameScene.swift; sourceTree = "<group>"; wrapsLines = 1; };
		D31D04D52196BE5700B95A99 /* GameViewController.swift */ = {isa = PBXFileReference; lastKnownFileType = sourcecode.swift; path = GameViewController.swift; sourceTree = "<group>"; };
		D31D04D82196BE5700B95A99 /* Base */ = {isa = PBXFileReference; lastKnownFileType = file.storyboard; name = Base; path = Base.lproj/Main.storyboard; sourceTree = "<group>"; };
		D31D04DA2196BE5A00B95A99 /* Assets.xcassets */ = {isa = PBXFileReference; lastKnownFileType = folder.assetcatalog; path = Assets.xcassets; sourceTree = "<group>"; };
		D31D04DD2196BE5A00B95A99 /* Base */ = {isa = PBXFileReference; lastKnownFileType = file.storyboard; name = Base; path = Base.lproj/LaunchScreen.storyboard; sourceTree = "<group>"; };
		D31D04E52196C18300B95A99 /* chessBoardTiles.sks */ = {isa = PBXFileReference; lastKnownFileType = file.sks; path = chessBoardTiles.sks; sourceTree = "<group>"; };
		D31D04ED21973F1A00B95A99 /* Grid.swift */ = {isa = PBXFileReference; lastKnownFileType = sourcecode.swift; path = Grid.swift; sourceTree = "<group>"; };
		D31D04EF219751DB00B95A99 /* Reversi.swift */ = {isa = PBXFileReference; lastKnownFileType = sourcecode.swift; path = Reversi.swift; sourceTree = "<group>"; };
		D354739C22213BD300178015 /* zh-Hant */ = {isa = PBXFileReference; lastKnownFileType = text.plist.strings; name = "zh-Hant"; path = "zh-Hant.lproj/Main.strings"; sourceTree = "<group>"; };
		D354739D22213BD300178015 /* zh-Hant */ = {isa = PBXFileReference; lastKnownFileType = text.plist.strings; name = "zh-Hant"; path = "zh-Hant.lproj/LaunchScreen.strings"; sourceTree = "<group>"; };
		D35473A022213CAB00178015 /* zh-Hans */ = {isa = PBXFileReference; lastKnownFileType = text.plist.strings; name = "zh-Hans"; path = "zh-Hans.lproj/Main.strings"; sourceTree = "<group>"; };
		D35473A122213CAB00178015 /* zh-Hans */ = {isa = PBXFileReference; lastKnownFileType = text.plist.strings; name = "zh-Hans"; path = "zh-Hans.lproj/LaunchScreen.strings"; sourceTree = "<group>"; };
		D35473A322213CDD00178015 /* zh-Hant */ = {isa = PBXFileReference; lastKnownFileType = text.plist.strings; name = "zh-Hant"; path = "zh-Hant.lproj/Localizable.strings"; sourceTree = "<group>"; };
		D35473A522213CE500178015 /* zh-Hans */ = {isa = PBXFileReference; lastKnownFileType = text.plist.strings; name = "zh-Hans"; path = "zh-Hans.lproj/Localizable.strings"; sourceTree = "<group>"; };
		D35473A622213CE600178015 /* en */ = {isa = PBXFileReference; lastKnownFileType = text.plist.strings; name = en; path = en.lproj/Localizable.strings; sourceTree = "<group>"; };
		D35473B522214AED00178015 /* Info.plist */ = {isa = PBXFileReference; fileEncoding = 4; lastKnownFileType = text.plist.xml; path = Info.plist; sourceTree = "<group>"; };
		D35473B822214DA200178015 /* zh-Hans */ = {isa = PBXFileReference; lastKnownFileType = text.plist.strings; name = "zh-Hans"; path = "zh-Hans.lproj/InfoPlist.strings"; sourceTree = "<group>"; };
		D35473BA22214DAD00178015 /* zh-Hant */ = {isa = PBXFileReference; lastKnownFileType = text.plist.strings; name = "zh-Hant"; path = "zh-Hant.lproj/InfoPlist.strings"; sourceTree = "<group>"; };
		D35473BB22214DAF00178015 /* en */ = {isa = PBXFileReference; lastKnownFileType = text.plist.strings; name = en; path = en.lproj/InfoPlist.strings; sourceTree = "<group>"; };
		D354FA6821C967D7009BF321 /* saveUtility.swift */ = {isa = PBXFileReference; lastKnownFileType = sourcecode.swift; path = saveUtility.swift; sourceTree = "<group>"; };
		D3562D102232E36D00E94049 /* Button.swift */ = {isa = PBXFileReference; lastKnownFileType = sourcecode.swift; path = Button.swift; sourceTree = "<group>"; };
		D362569922047198005206B8 /* background.mp3 */ = {isa = PBXFileReference; lastKnownFileType = audio.mp3; path = background.mp3; sourceTree = "<group>"; };
		D362569B22047740005206B8 /* musicPlayer.swift */ = {isa = PBXFileReference; lastKnownFileType = sourcecode.swift; path = musicPlayer.swift; sourceTree = "<group>"; };
		D362569F220488A2005206B8 /* HintBubble.swift */ = {isa = PBXFileReference; lastKnownFileType = sourcecode.swift; path = HintBubble.swift; sourceTree = "<group>"; };
		D36271E82212F20D00E2790F /* negative-circled-number.ttf */ = {isa = PBXFileReference; lastKnownFileType = file; path = "negative-circled-number.ttf"; sourceTree = "<group>"; };
		D365CFBA222840EE00A71444 /* FlipsIndicator.swift */ = {isa = PBXFileReference; lastKnownFileType = sourcecode.swift; path = FlipsIndicator.swift; sourceTree = "<group>"; };
		D36866042225A69200236572 /* SharedVariable.swift */ = {isa = PBXFileReference; lastKnownFileType = sourcecode.swift; path = SharedVariable.swift; sourceTree = "<group>"; };
		D36AC69A219C0EBC00069D17 /* extension.swift */ = {isa = PBXFileReference; lastKnownFileType = sourcecode.swift; path = extension.swift; sourceTree = "<group>"; };
		D38924C0222A4DD100DD2640 /* SKMultilineLabelNode.swift */ = {isa = PBXFileReference; lastKnownFileType = sourcecode.swift; path = SKMultilineLabelNode.swift; sourceTree = "<group>"; };
		D3A988BF220D73DA0047E420 /* Challenge.swift */ = {isa = PBXFileReference; lastKnownFileType = sourcecode.swift; path = Challenge.swift; sourceTree = "<group>"; wrapsLines = 0; };
		D3B5584821EB164400F96AE8 /* CustomSlider.swift */ = {isa = PBXFileReference; lastKnownFileType = sourcecode.swift; path = CustomSlider.swift; sourceTree = "<group>"; };
		D3B8EF6C22145FC9003F78B4 /* TitleScene.swift */ = {isa = PBXFileReference; lastKnownFileType = sourcecode.swift; name = TitleScene.swift; path = "../New Group/TitleScene.swift"; sourceTree = "<group>"; };
		D3B8EF6E22145FE1003F78B4 /* LevelSelectScene.swift */ = {isa = PBXFileReference; lastKnownFileType = sourcecode.swift; path = LevelSelectScene.swift; sourceTree = "<group>"; };
		D3B8EF7022145FF7003F78B4 /* ModeSelectScene.swift */ = {isa = PBXFileReference; lastKnownFileType = sourcecode.swift; path = ModeSelectScene.swift; sourceTree = "<group>"; };
		D3B8EF722214642D003F78B4 /* UI.swift */ = {isa = PBXFileReference; lastKnownFileType = sourcecode.swift; path = UI.swift; sourceTree = "<group>"; };
		D3BB9B8121CC8FDA001B5AAE /* AITraining.playground */ = {isa = PBXFileReference; lastKnownFileType = file.playground; path = AITraining.playground; sourceTree = "<group>"; xcLanguageSpecificationIdentifier = xcode.lang.swift; };
		D3BB9B8221CD0FA8001B5AAE /* weight.swift */ = {isa = PBXFileReference; lastKnownFileType = sourcecode.swift; path = weight.swift; sourceTree = "<group>"; };
		D3BB9B8421CD0FD9001B5AAE /* Player.swift */ = {isa = PBXFileReference; lastKnownFileType = sourcecode.swift; path = Player.swift; sourceTree = "<group>"; };
		D3CF0A77224F686C00F5FCA1 /* GestureGuide.swift */ = {isa = PBXFileReference; lastKnownFileType = sourcecode.swift; path = GestureGuide.swift; sourceTree = "<group>"; };
		D3CF0A79224F687900F5FCA1 /* ScrollTextBox.swift */ = {isa = PBXFileReference; lastKnownFileType = sourcecode.swift; path = ScrollTextBox.swift; sourceTree = "<group>"; };
		D3CF0A7B224F688800F5FCA1 /* MessageBox.swift */ = {isa = PBXFileReference; lastKnownFileType = sourcecode.swift; path = MessageBox.swift; sourceTree = "<group>"; };
		D3CF0A7D224F6B4100F5FCA1 /* MessageAction.swift */ = {isa = PBXFileReference; lastKnownFileType = sourcecode.swift; path = MessageAction.swift; sourceTree = "<group>"; };
/* End PBXFileReference section */

/* Begin PBXFrameworksBuildPhase section */
		D31D04C72196BE5700B95A99 /* Frameworks */ = {
			isa = PBXFrameworksBuildPhase;
			buildActionMask = 2147483647;
			files = (
			);
			runOnlyForDeploymentPostprocessing = 0;
		};
/* End PBXFrameworksBuildPhase section */

/* Begin PBXGroup section */
		D30F533E219F2EB50020E8FE /* Game */ = {
			isa = PBXGroup;
			children = (
				D31D04EF219751DB00B95A99 /* Reversi.swift */,
			);
			path = Game;
			sourceTree = "<group>";
		};
		D31D04C12196BE5700B95A99 = {
			isa = PBXGroup;
			children = (
				D31D04CC2196BE5700B95A99 /* Reversi */,
				D31D04CB2196BE5700B95A99 /* Products */,
				D3BB9B8121CC8FDA001B5AAE /* AITraining.playground */,
			);
			sourceTree = "<group>";
		};
		D31D04CB2196BE5700B95A99 /* Products */ = {
			isa = PBXGroup;
			children = (
				D31D04CA2196BE5700B95A99 /* Reversi.app */,
			);
			name = Products;
			sourceTree = "<group>";
		};
		D31D04CC2196BE5700B95A99 /* Reversi */ = {
			isa = PBXGroup;
			children = (
				D31D04CD2196BE5700B95A99 /* AppDelegate.swift */,
				D3A988C3220D82320047E420 /* GameScene */,
				D3A988C4220D824B0047E420 /* MenuScene */,
				D3562D0F2232E27200E94049 /* Scenes */,
				D31D04D52196BE5700B95A99 /* GameViewController.swift */,
				D3B8EF722214642D003F78B4 /* UI.swift */,
				D36866042225A69200236572 /* SharedVariable.swift */,
				D31D04D12196BE5700B95A99 /* Actions.sks */,
				D35473B522214AED00178015 /* Info.plist */,
				D31D04D72196BE5700B95A99 /* Main.storyboard */,
				D31D04DC2196BE5A00B95A99 /* LaunchScreen.storyboard */,
				D35473A422213CDD00178015 /* Localizable.strings */,
				D35473B722214DA200178015 /* InfoPlist.strings */,
				D3A988C1220D73F40047E420 /* Custom Class */,
				D31D04DA2196BE5A00B95A99 /* Assets.xcassets */,
				D362569E22048646005206B8 /* Custom node */,
				D362569D22047860005206B8 /* Utility */,
				D362569822047142005206B8 /* Music */,
				D30F533E219F2EB50020E8FE /* Game */,
				D36271EA2212F35E00E2790F /* font */,
				D3A988C2220D81E10047E420 /* Chess Board */,
			);
			path = Reversi;
			sourceTree = "<group>";
		};
		D3562D0F2232E27200E94049 /* Scenes */ = {
			isa = PBXGroup;
			children = (
				D3B8EF6C22145FC9003F78B4 /* TitleScene.swift */,
				D3B8EF6E22145FE1003F78B4 /* LevelSelectScene.swift */,
				D3B8EF7022145FF7003F78B4 /* ModeSelectScene.swift */,
			);
			path = Scenes;
			sourceTree = "<group>";
		};
		D362569822047142005206B8 /* Music */ = {
			isa = PBXGroup;
			children = (
				D362569922047198005206B8 /* background.mp3 */,
			);
			path = Music;
			sourceTree = "<group>";
		};
		D362569D22047860005206B8 /* Utility */ = {
			isa = PBXGroup;
			children = (
				D362569B22047740005206B8 /* musicPlayer.swift */,
				D354FA6821C967D7009BF321 /* saveUtility.swift */,
				D3BB9B8221CD0FA8001B5AAE /* weight.swift */,
				D36AC69A219C0EBC00069D17 /* extension.swift */,
				D3BB9B8421CD0FD9001B5AAE /* Player.swift */,
			);
			path = Utility;
			sourceTree = "<group>";
		};
		D362569E22048646005206B8 /* Custom node */ = {
			isa = PBXGroup;
			children = (
				D38924C0222A4DD100DD2640 /* SKMultilineLabelNode.swift */,
				D3B5584821EB164400F96AE8 /* CustomSlider.swift */,
				D31D04ED21973F1A00B95A99 /* Grid.swift */,
				D362569F220488A2005206B8 /* HintBubble.swift */,
				D365CFBA222840EE00A71444 /* FlipsIndicator.swift */,
				D3562D102232E36D00E94049 /* Button.swift */,
				D3CF0A77224F686C00F5FCA1 /* GestureGuide.swift */,
				D3CF0A79224F687900F5FCA1 /* ScrollTextBox.swift */,
				D3CF0A7B224F688800F5FCA1 /* MessageBox.swift */,
			);
			path = "Custom node";
			sourceTree = "<group>";
		};
		D36271EA2212F35E00E2790F /* font */ = {
			isa = PBXGroup;
			children = (
				D36271E82212F20D00E2790F /* negative-circled-number.ttf */,
			);
			path = font;
			sourceTree = "<group>";
		};
		D3A988C1220D73F40047E420 /* Custom Class */ = {
			isa = PBXGroup;
			children = (
				D3A988BF220D73DA0047E420 /* Challenge.swift */,
				D3CF0A7D224F6B4100F5FCA1 /* MessageAction.swift */,
			);
			path = "Custom Class";
			sourceTree = "<group>";
		};
		D3A988C2220D81E10047E420 /* Chess Board */ = {
			isa = PBXGroup;
			children = (
				D30F5315219EEA550020E8FE /* chessBoardPosition.swift */,
				D31D04E52196C18300B95A99 /* chessBoardTiles.sks */,
			);
			path = "Chess Board";
			sourceTree = "<group>";
		};
		D3A988C3220D82320047E420 /* GameScene */ = {
			isa = PBXGroup;
			children = (
				D31D04D32196BE5700B95A99 /* GameScene.swift */,
				D31D04CF2196BE5700B95A99 /* GameScene.sks */,
			);
			path = GameScene;
			sourceTree = "<group>";
		};
		D3A988C4220D824B0047E420 /* MenuScene */ = {
			isa = PBXGroup;
			children = (
				D30F533B219F1F9E0020E8FE /* MenuScene.swift */,
				D30F5339219F1F6A0020E8FE /* MenuScene.sks */,
			);
			path = MenuScene;
			sourceTree = "<group>";
		};
/* End PBXGroup section */

/* Begin PBXNativeTarget section */
		D31D04C92196BE5700B95A99 /* Reversi */ = {
			isa = PBXNativeTarget;
			buildConfigurationList = D31D04E22196BE5A00B95A99 /* Build configuration list for PBXNativeTarget "Reversi" */;
			buildPhases = (
				D31D04C62196BE5700B95A99 /* Sources */,
				D31D04C72196BE5700B95A99 /* Frameworks */,
				D31D04C82196BE5700B95A99 /* Resources */,
			);
			buildRules = (
			);
			dependencies = (
			);
			name = Reversi;
			productName = Reversi;
			productReference = D31D04CA2196BE5700B95A99 /* Reversi.app */;
			productType = "com.apple.product-type.application";
		};
/* End PBXNativeTarget section */

/* Begin PBXProject section */
		D31D04C22196BE5700B95A99 /* Project object */ = {
			isa = PBXProject;
			attributes = {
				LastSwiftUpdateCheck = 1010;
				LastUpgradeCheck = 1010;
				ORGANIZATIONNAME = "john gospai";
				TargetAttributes = {
					D31D04C92196BE5700B95A99 = {
						CreatedOnToolsVersion = 10.1;
						SystemCapabilities = {
							com.apple.DataProtection = {
								enabled = 0;
							};
						};
					};
				};
			};
			buildConfigurationList = D31D04C52196BE5700B95A99 /* Build configuration list for PBXProject "Reversi" */;
			compatibilityVersion = "Xcode 9.3";
			developmentRegion = en;
			hasScannedForEncodings = 0;
			knownRegions = (
				en,
				Base,
				"zh-Hans",
				"zh-Hant",
			);
			mainGroup = D31D04C12196BE5700B95A99;
			productRefGroup = D31D04CB2196BE5700B95A99 /* Products */;
			projectDirPath = "";
			projectRoot = "";
			targets = (
				D31D04C92196BE5700B95A99 /* Reversi */,
			);
		};
/* End PBXProject section */

/* Begin PBXResourcesBuildPhase section */
		D31D04C82196BE5700B95A99 /* Resources */ = {
			isa = PBXResourcesBuildPhase;
			buildActionMask = 2147483647;
			files = (
				D31D04D92196BE5700B95A99 /* Main.storyboard in Resources */,
				D31D04D02196BE5700B95A99 /* GameScene.sks in Resources */,
				D36271E92212F20D00E2790F /* negative-circled-number.ttf in Resources */,
				D31D04DB2196BE5A00B95A99 /* Assets.xcassets in Resources */,
				D31D04DE2196BE5A00B95A99 /* LaunchScreen.storyboard in Resources */,
				D35473A222213CDD00178015 /* Localizable.strings in Resources */,
				D31D04D22196BE5700B95A99 /* Actions.sks in Resources */,
				D31D04E62196C18300B95A99 /* chessBoardTiles.sks in Resources */,
				D362569A22047198005206B8 /* background.mp3 in Resources */,
				D35473B922214DA200178015 /* InfoPlist.strings in Resources */,
				D30F533A219F1F6A0020E8FE /* MenuScene.sks in Resources */,
			);
			runOnlyForDeploymentPostprocessing = 0;
		};
/* End PBXResourcesBuildPhase section */

/* Begin PBXSourcesBuildPhase section */
		D31D04C62196BE5700B95A99 /* Sources */ = {
			isa = PBXSourcesBuildPhase;
			buildActionMask = 2147483647;
			files = (
				D38924C1222A4DD100DD2640 /* SKMultilineLabelNode.swift in Sources */,
				D3562D112232E36D00E94049 /* Button.swift in Sources */,
				D3B8EF6F22145FE1003F78B4 /* LevelSelectScene.swift in Sources */,
				D3BB9B8521CD0FD9001B5AAE /* Player.swift in Sources */,
				D31D04D42196BE5700B95A99 /* GameScene.swift in Sources */,
				D3BB9B8321CD0FA8001B5AAE /* weight.swift in Sources */,
				D36256A0220488A2005206B8 /* HintBubble.swift in Sources */,
				D3CF0A7C224F688800F5FCA1 /* MessageBox.swift in Sources */,
				D31D04D62196BE5700B95A99 /* GameViewController.swift in Sources */,
				D30F5316219EEA550020E8FE /* chessBoardPosition.swift in Sources */,
				D362569C22047740005206B8 /* musicPlayer.swift in Sources */,
				D3CF0A78224F686C00F5FCA1 /* GestureGuide.swift in Sources */,
				D31D04CE2196BE5700B95A99 /* AppDelegate.swift in Sources */,
				D3B8EF7122145FF7003F78B4 /* ModeSelectScene.swift in Sources */,
				D3CF0A7E224F6B4100F5FCA1 /* MessageAction.swift in Sources */,
				D31D04EE21973F1A00B95A99 /* Grid.swift in Sources */,
				D354FA6921C967D7009BF321 /* saveUtility.swift in Sources */,
				D36866052225A69200236572 /* SharedVariable.swift in Sources */,
				D3A988C0220D73DA0047E420 /* Challenge.swift in Sources */,
				D3B8EF6D22145FC9003F78B4 /* TitleScene.swift in Sources */,
				D365CFBB222840EE00A71444 /* FlipsIndicator.swift in Sources */,
				D30F533C219F1F9E0020E8FE /* MenuScene.swift in Sources */,
				D3B5584921EB164400F96AE8 /* CustomSlider.swift in Sources */,
				D36AC69B219C0EBC00069D17 /* extension.swift in Sources */,
				D3B8EF732214642D003F78B4 /* UI.swift in Sources */,
				D3CF0A7A224F687900F5FCA1 /* ScrollTextBox.swift in Sources */,
				D31D04F0219751DC00B95A99 /* Reversi.swift in Sources */,
			);
			runOnlyForDeploymentPostprocessing = 0;
		};
/* End PBXSourcesBuildPhase section */

/* Begin PBXVariantGroup section */
		D31D04D72196BE5700B95A99 /* Main.storyboard */ = {
			isa = PBXVariantGroup;
			children = (
				D31D04D82196BE5700B95A99 /* Base */,
				D354739C22213BD300178015 /* zh-Hant */,
				D35473A022213CAB00178015 /* zh-Hans */,
			);
			name = Main.storyboard;
			sourceTree = "<group>";
		};
		D31D04DC2196BE5A00B95A99 /* LaunchScreen.storyboard */ = {
			isa = PBXVariantGroup;
			children = (
				D31D04DD2196BE5A00B95A99 /* Base */,
				D354739D22213BD300178015 /* zh-Hant */,
				D35473A122213CAB00178015 /* zh-Hans */,
			);
			name = LaunchScreen.storyboard;
			sourceTree = "<group>";
		};
		D35473A422213CDD00178015 /* Localizable.strings */ = {
			isa = PBXVariantGroup;
			children = (
				D35473A322213CDD00178015 /* zh-Hant */,
				D35473A522213CE500178015 /* zh-Hans */,
				D35473A622213CE600178015 /* en */,
			);
			name = Localizable.strings;
			sourceTree = "<group>";
		};
		D35473B722214DA200178015 /* InfoPlist.strings */ = {
			isa = PBXVariantGroup;
			children = (
				D35473B822214DA200178015 /* zh-Hans */,
				D35473BA22214DAD00178015 /* zh-Hant */,
				D35473BB22214DAF00178015 /* en */,
			);
			name = InfoPlist.strings;
			sourceTree = "<group>";
		};
/* End PBXVariantGroup section */

/* Begin XCBuildConfiguration section */
		D31D04E02196BE5A00B95A99 /* Debug */ = {
			isa = XCBuildConfiguration;
			buildSettings = {
				ALWAYS_SEARCH_USER_PATHS = NO;
				CLANG_ANALYZER_LOCALIZABILITY_NONLOCALIZED = YES;
				CLANG_ANALYZER_NONNULL = YES;
				CLANG_ANALYZER_NUMBER_OBJECT_CONVERSION = YES_AGGRESSIVE;
				CLANG_CXX_LANGUAGE_STANDARD = "gnu++14";
				CLANG_CXX_LIBRARY = "libc++";
				CLANG_ENABLE_MODULES = YES;
				CLANG_ENABLE_OBJC_ARC = YES;
				CLANG_ENABLE_OBJC_WEAK = YES;
				CLANG_WARN_BLOCK_CAPTURE_AUTORELEASING = YES;
				CLANG_WARN_BOOL_CONVERSION = YES;
				CLANG_WARN_COMMA = YES;
				CLANG_WARN_CONSTANT_CONVERSION = YES;
				CLANG_WARN_DEPRECATED_OBJC_IMPLEMENTATIONS = YES;
				CLANG_WARN_DIRECT_OBJC_ISA_USAGE = YES_ERROR;
				CLANG_WARN_DOCUMENTATION_COMMENTS = YES;
				CLANG_WARN_EMPTY_BODY = YES;
				CLANG_WARN_ENUM_CONVERSION = YES;
				CLANG_WARN_INFINITE_RECURSION = YES;
				CLANG_WARN_INT_CONVERSION = YES;
				CLANG_WARN_NON_LITERAL_NULL_CONVERSION = YES;
				CLANG_WARN_OBJC_IMPLICIT_RETAIN_SELF = YES;
				CLANG_WARN_OBJC_LITERAL_CONVERSION = YES;
				CLANG_WARN_OBJC_ROOT_CLASS = YES_ERROR;
				CLANG_WARN_RANGE_LOOP_ANALYSIS = YES;
				CLANG_WARN_STRICT_PROTOTYPES = YES;
				CLANG_WARN_SUSPICIOUS_MOVE = YES;
				CLANG_WARN_UNGUARDED_AVAILABILITY = YES_AGGRESSIVE;
				CLANG_WARN_UNREACHABLE_CODE = YES;
				CLANG_WARN__DUPLICATE_METHOD_MATCH = YES;
				CODE_SIGN_IDENTITY = "iPhone Developer";
				COPY_PHASE_STRIP = NO;
				DEBUG_INFORMATION_FORMAT = dwarf;
				ENABLE_STRICT_OBJC_MSGSEND = YES;
				ENABLE_TESTABILITY = YES;
				GCC_C_LANGUAGE_STANDARD = gnu11;
				GCC_DYNAMIC_NO_PIC = NO;
				GCC_NO_COMMON_BLOCKS = YES;
				GCC_OPTIMIZATION_LEVEL = 0;
				GCC_PREPROCESSOR_DEFINITIONS = (
					"DEBUG=1",
					"$(inherited)",
				);
				GCC_WARN_64_TO_32_BIT_CONVERSION = YES;
				GCC_WARN_ABOUT_RETURN_TYPE = YES_ERROR;
				GCC_WARN_UNDECLARED_SELECTOR = YES;
				GCC_WARN_UNINITIALIZED_AUTOS = YES_AGGRESSIVE;
				GCC_WARN_UNUSED_FUNCTION = YES;
				GCC_WARN_UNUSED_VARIABLE = YES;
				IPHONEOS_DEPLOYMENT_TARGET = 11.0;
				MTL_ENABLE_DEBUG_INFO = INCLUDE_SOURCE;
				MTL_FAST_MATH = YES;
				ONLY_ACTIVE_ARCH = YES;
				SDKROOT = iphoneos;
				SWIFT_ACTIVE_COMPILATION_CONDITIONS = DEBUG;
				SWIFT_OPTIMIZATION_LEVEL = "-Onone";
			};
			name = Debug;
		};
		D31D04E12196BE5A00B95A99 /* Release */ = {
			isa = XCBuildConfiguration;
			buildSettings = {
				ALWAYS_SEARCH_USER_PATHS = NO;
				CLANG_ANALYZER_LOCALIZABILITY_NONLOCALIZED = YES;
				CLANG_ANALYZER_NONNULL = YES;
				CLANG_ANALYZER_NUMBER_OBJECT_CONVERSION = YES_AGGRESSIVE;
				CLANG_CXX_LANGUAGE_STANDARD = "gnu++14";
				CLANG_CXX_LIBRARY = "libc++";
				CLANG_ENABLE_MODULES = YES;
				CLANG_ENABLE_OBJC_ARC = YES;
				CLANG_ENABLE_OBJC_WEAK = YES;
				CLANG_WARN_BLOCK_CAPTURE_AUTORELEASING = YES;
				CLANG_WARN_BOOL_CONVERSION = YES;
				CLANG_WARN_COMMA = YES;
				CLANG_WARN_CONSTANT_CONVERSION = YES;
				CLANG_WARN_DEPRECATED_OBJC_IMPLEMENTATIONS = YES;
				CLANG_WARN_DIRECT_OBJC_ISA_USAGE = YES_ERROR;
				CLANG_WARN_DOCUMENTATION_COMMENTS = YES;
				CLANG_WARN_EMPTY_BODY = YES;
				CLANG_WARN_ENUM_CONVERSION = YES;
				CLANG_WARN_INFINITE_RECURSION = YES;
				CLANG_WARN_INT_CONVERSION = YES;
				CLANG_WARN_NON_LITERAL_NULL_CONVERSION = YES;
				CLANG_WARN_OBJC_IMPLICIT_RETAIN_SELF = YES;
				CLANG_WARN_OBJC_LITERAL_CONVERSION = YES;
				CLANG_WARN_OBJC_ROOT_CLASS = YES_ERROR;
				CLANG_WARN_RANGE_LOOP_ANALYSIS = YES;
				CLANG_WARN_STRICT_PROTOTYPES = YES;
				CLANG_WARN_SUSPICIOUS_MOVE = YES;
				CLANG_WARN_UNGUARDED_AVAILABILITY = YES_AGGRESSIVE;
				CLANG_WARN_UNREACHABLE_CODE = YES;
				CLANG_WARN__DUPLICATE_METHOD_MATCH = YES;
				CODE_SIGN_IDENTITY = "iPhone Developer";
				COPY_PHASE_STRIP = NO;
				DEBUG_INFORMATION_FORMAT = "dwarf-with-dsym";
				ENABLE_NS_ASSERTIONS = NO;
				ENABLE_STRICT_OBJC_MSGSEND = YES;
				GCC_C_LANGUAGE_STANDARD = gnu11;
				GCC_NO_COMMON_BLOCKS = YES;
				GCC_WARN_64_TO_32_BIT_CONVERSION = YES;
				GCC_WARN_ABOUT_RETURN_TYPE = YES_ERROR;
				GCC_WARN_UNDECLARED_SELECTOR = YES;
				GCC_WARN_UNINITIALIZED_AUTOS = YES_AGGRESSIVE;
				GCC_WARN_UNUSED_FUNCTION = YES;
				GCC_WARN_UNUSED_VARIABLE = YES;
				IPHONEOS_DEPLOYMENT_TARGET = 11.0;
				MTL_ENABLE_DEBUG_INFO = NO;
				MTL_FAST_MATH = YES;
				SDKROOT = iphoneos;
				SWIFT_COMPILATION_MODE = wholemodule;
				SWIFT_OPTIMIZATION_LEVEL = "-O";
				VALIDATE_PRODUCT = YES;
			};
			name = Release;
		};
		D31D04E32196BE5A00B95A99 /* Debug */ = {
			isa = XCBuildConfiguration;
			buildSettings = {
				ASSETCATALOG_COMPILER_APPICON_NAME = AppIcon;
				CODE_SIGN_IDENTITY = "iPhone Developer";
				CODE_SIGN_STYLE = Automatic;
				DEVELOPMENT_TEAM = 72SG7HW8AV;
				INFOPLIST_FILE = "$(SRCROOT)/Reversi/Info.plist";
				IPHONEOS_DEPLOYMENT_TARGET = 10.0;
				LD_RUNPATH_SEARCH_PATHS = (
					"$(inherited)",
					"@executable_path/Frameworks",
				);
				PRODUCT_BUNDLE_IDENTIFIER = com.Ranixculiva.isREVERsi;
				PRODUCT_NAME = "$(TARGET_NAME)";
				PROVISIONING_PROFILE_SPECIFIER = "";
				SWIFT_VERSION = 4.2;
				TARGETED_DEVICE_FAMILY = "1,2";
			};
			name = Debug;
		};
		D31D04E42196BE5A00B95A99 /* Release */ = {
			isa = XCBuildConfiguration;
			buildSettings = {
				ASSETCATALOG_COMPILER_APPICON_NAME = AppIcon;
				CODE_SIGN_IDENTITY = "iPhone Developer";
				CODE_SIGN_STYLE = Automatic;
				DEVELOPMENT_TEAM = 72SG7HW8AV;
				INFOPLIST_FILE = "$(SRCROOT)/Reversi/Info.plist";
				IPHONEOS_DEPLOYMENT_TARGET = 10.0;
				LD_RUNPATH_SEARCH_PATHS = (
					"$(inherited)",
					"@executable_path/Frameworks",
				);
				PRODUCT_BUNDLE_IDENTIFIER = com.Ranixculiva.isREVERsi;
				PRODUCT_NAME = "$(TARGET_NAME)";
				PROVISIONING_PROFILE_SPECIFIER = "";
				SWIFT_VERSION = 4.2;
				TARGETED_DEVICE_FAMILY = "1,2";
			};
			name = Release;
		};
/* End XCBuildConfiguration section */

/* Begin XCConfigurationList section */
		D31D04C52196BE5700B95A99 /* Build configuration list for PBXProject "Reversi" */ = {
			isa = XCConfigurationList;
			buildConfigurations = (
				D31D04E02196BE5A00B95A99 /* Debug */,
				D31D04E12196BE5A00B95A99 /* Release */,
			);
			defaultConfigurationIsVisible = 0;
			defaultConfigurationName = Release;
		};
		D31D04E22196BE5A00B95A99 /* Build configuration list for PBXNativeTarget "Reversi" */ = {
			isa = XCConfigurationList;
			buildConfigurations = (
				D31D04E32196BE5A00B95A99 /* Debug */,
				D31D04E42196BE5A00B95A99 /* Release */,
			);
			defaultConfigurationIsVisible = 0;
			defaultConfigurationName = Release;
		};
/* End XCConfigurationList section */
	};
	rootObject = D31D04C22196BE5700B95A99 /* Project object */;
}
