// !$*UTF8*$!
{
	archiveVersion = 1;
	classes = {
	};
	objectVersion = 50;
	objects = {

/* Begin PBXBuildFile section */
		D335829F230181F600618366 /* GameRecorder.swift in Sources */ = {isa = PBXBuildFile; fileRef = D335829E230181F600618366 /* GameRecorder.swift */; };
		D33635EC2307CB6600ED4E0C /* main.swift in Sources */ = {isa = PBXBuildFile; fileRef = D33635EB2307CB6600ED4E0C /* main.swift */; };
		D3A2143423004C2A005E8A1D /* main00000000000.swift in Sources */ = {isa = PBXBuildFile; fileRef = D3A2143323004C2A005E8A1D /* main00000000000.swift */; };
		D3A2143B23004C59005E8A1D /* chessBoardPosition.swift in Sources */ = {isa = PBXBuildFile; fileRef = D3A2143A23004C59005E8A1D /* chessBoardPosition.swift */; };
		D3A2143D23004C64005E8A1D /* extension.swift in Sources */ = {isa = PBXBuildFile; fileRef = D3A2143C23004C64005E8A1D /* extension.swift */; };
		D3A2143F23004C6C005E8A1D /* Player.swift in Sources */ = {isa = PBXBuildFile; fileRef = D3A2143E23004C6C005E8A1D /* Player.swift */; };
		D3A2144123004C77005E8A1D /* Reversi.swift in Sources */ = {isa = PBXBuildFile; fileRef = D3A2144023004C77005E8A1D /* Reversi.swift */; };
		D3A2144323004C80005E8A1D /* weight.swift in Sources */ = {isa = PBXBuildFile; fileRef = D3A2144223004C80005E8A1D /* weight.swift */; };
		D3A2144523004E6E005E8A1D /* main0000.swift in Sources */ = {isa = PBXBuildFile; fileRef = D3A2144423004E6E005E8A1D /* main0000.swift */; };
		D3A214472300842C005E8A1D /* mainBK.swift in Sources */ = {isa = PBXBuildFile; fileRef = D3A214462300842C005E8A1D /* mainBK.swift */; };
/* End PBXBuildFile section */

/* Begin PBXCopyFilesBuildPhase section */
		D3A2142E23004C2A005E8A1D /* CopyFiles */ = {
			isa = PBXCopyFilesBuildPhase;
			buildActionMask = 2147483647;
			dstPath = /usr/share/man/man1/;
			dstSubfolderSpec = 0;
			files = (
			);
			runOnlyForDeploymentPostprocessing = 1;
		};
/* End PBXCopyFilesBuildPhase section */

/* Begin PBXFileReference section */
		D335829E230181F600618366 /* GameRecorder.swift */ = {isa = PBXFileReference; lastKnownFileType = sourcecode.swift; path = GameRecorder.swift; sourceTree = "<group>"; };
		D33635EA2307A11E00ED4E0C /* res4.rtf */ = {isa = PBXFileReference; lastKnownFileType = text.rtf; path = res4.rtf; sourceTree = "<group>"; };
		D33635EB2307CB6600ED4E0C /* main.swift */ = {isa = PBXFileReference; lastKnownFileType = sourcecode.swift; path = main.swift; sourceTree = "<group>"; };
		D33799952307007100D3F863 /* res3.rtf */ = {isa = PBXFileReference; lastKnownFileType = text.rtf; path = res3.rtf; sourceTree = "<group>"; };
		D367927423045CE20064C05F /* results.rtf */ = {isa = PBXFileReference; lastKnownFileType = text.rtf; path = results.rtf; sourceTree = "<group>"; };
		D3679275230460EC0064C05F /* result2.rtf */ = {isa = PBXFileReference; lastKnownFileType = text.rtf; path = result2.rtf; sourceTree = "<group>"; };
		D3A2143023004C2A005E8A1D /* AITrainingCommandLineVersion */ = {isa = PBXFileReference; explicitFileType = "compiled.mach-o.executable"; includeInIndex = 0; path = AITrainingCommandLineVersion; sourceTree = BUILT_PRODUCTS_DIR; };
		D3A2143323004C2A005E8A1D /* main00000000000.swift */ = {isa = PBXFileReference; lastKnownFileType = sourcecode.swift; path = main00000000000.swift; sourceTree = "<group>"; };
		D3A2143A23004C59005E8A1D /* chessBoardPosition.swift */ = {isa = PBXFileReference; lastKnownFileType = sourcecode.swift; path = chessBoardPosition.swift; sourceTree = "<group>"; };
		D3A2143C23004C64005E8A1D /* extension.swift */ = {isa = PBXFileReference; lastKnownFileType = sourcecode.swift; path = extension.swift; sourceTree = "<group>"; };
		D3A2143E23004C6C005E8A1D /* Player.swift */ = {isa = PBXFileReference; lastKnownFileType = sourcecode.swift; path = Player.swift; sourceTree = "<group>"; };
		D3A2144023004C77005E8A1D /* Reversi.swift */ = {isa = PBXFileReference; lastKnownFileType = sourcecode.swift; path = Reversi.swift; sourceTree = "<group>"; };
		D3A2144223004C80005E8A1D /* weight.swift */ = {isa = PBXFileReference; lastKnownFileType = sourcecode.swift; path = weight.swift; sourceTree = "<group>"; };
		D3A2144423004E6E005E8A1D /* main0000.swift */ = {isa = PBXFileReference; lastKnownFileType = sourcecode.swift; path = main0000.swift; sourceTree = "<group>"; };
		D3A214462300842C005E8A1D /* mainBK.swift */ = {isa = PBXFileReference; lastKnownFileType = sourcecode.swift; path = mainBK.swift; sourceTree = "<group>"; };
/* End PBXFileReference section */

/* Begin PBXFrameworksBuildPhase section */
		D3A2142D23004C2A005E8A1D /* Frameworks */ = {
			isa = PBXFrameworksBuildPhase;
			buildActionMask = 2147483647;
			files = (
			);
			runOnlyForDeploymentPostprocessing = 0;
		};
/* End PBXFrameworksBuildPhase section */

/* Begin PBXGroup section */
		D3A2142723004C2A005E8A1D = {
			isa = PBXGroup;
			children = (
				D33635EA2307A11E00ED4E0C /* res4.rtf */,
				D33799952307007100D3F863 /* res3.rtf */,
				D3679275230460EC0064C05F /* result2.rtf */,
				D367927423045CE20064C05F /* results.rtf */,
				D3A2143223004C2A005E8A1D /* AITrainingCommandLineVersion */,
				D3A2143123004C2A005E8A1D /* Products */,
			);
			sourceTree = "<group>";
		};
		D3A2143123004C2A005E8A1D /* Products */ = {
			isa = PBXGroup;
			children = (
				D3A2143023004C2A005E8A1D /* AITrainingCommandLineVersion */,
			);
			name = Products;
			sourceTree = "<group>";
		};
		D3A2143223004C2A005E8A1D /* AITrainingCommandLineVersion */ = {
			isa = PBXGroup;
			children = (
				D3A2143323004C2A005E8A1D /* main00000000000.swift */,
				D3A2143A23004C59005E8A1D /* chessBoardPosition.swift */,
				D3A2143C23004C64005E8A1D /* extension.swift */,
				D3A2143E23004C6C005E8A1D /* Player.swift */,
				D3A2144023004C77005E8A1D /* Reversi.swift */,
				D3A2144223004C80005E8A1D /* weight.swift */,
				D3A2144423004E6E005E8A1D /* main0000.swift */,
				D3A214462300842C005E8A1D /* mainBK.swift */,
				D335829E230181F600618366 /* GameRecorder.swift */,
				D33635EB2307CB6600ED4E0C /* main.swift */,
			);
			path = AITrainingCommandLineVersion;
			sourceTree = "<group>";
		};
/* End PBXGroup section */

/* Begin PBXNativeTarget section */
		D3A2142F23004C2A005E8A1D /* AITrainingCommandLineVersion */ = {
			isa = PBXNativeTarget;
			buildConfigurationList = D3A2143723004C2A005E8A1D /* Build configuration list for PBXNativeTarget "AITrainingCommandLineVersion" */;
			buildPhases = (
				D3A2142C23004C2A005E8A1D /* Sources */,
				D3A2142D23004C2A005E8A1D /* Frameworks */,
				D3A2142E23004C2A005E8A1D /* CopyFiles */,
			);
			buildRules = (
			);
			dependencies = (
			);
			name = AITrainingCommandLineVersion;
			productName = AITrainingCommandLineVersion;
			productReference = D3A2143023004C2A005E8A1D /* AITrainingCommandLineVersion */;
			productType = "com.apple.product-type.tool";
		};
/* End PBXNativeTarget section */

/* Begin PBXProject section */
		D3A2142823004C2A005E8A1D /* Project object */ = {
			isa = PBXProject;
			attributes = {
				LastSwiftUpdateCheck = 1020;
				LastUpgradeCheck = 1020;
				ORGANIZATIONNAME = "john gospai";
				TargetAttributes = {
					D3A2142F23004C2A005E8A1D = {
						CreatedOnToolsVersion = 10.2.1;
					};
				};
			};
			buildConfigurationList = D3A2142B23004C2A005E8A1D /* Build configuration list for PBXProject "AITrainingCommandLineVersion" */;
			compatibilityVersion = "Xcode 9.3";
			developmentRegion = en;
			hasScannedForEncodings = 0;
			knownRegions = (
				en,
			);
			mainGroup = D3A2142723004C2A005E8A1D;
			productRefGroup = D3A2143123004C2A005E8A1D /* Products */;
			projectDirPath = "";
			projectRoot = "";
			targets = (
				D3A2142F23004C2A005E8A1D /* AITrainingCommandLineVersion */,
			);
		};
/* End PBXProject section */

/* Begin PBXSourcesBuildPhase section */
		D3A2142C23004C2A005E8A1D /* Sources */ = {
			isa = PBXSourcesBuildPhase;
			buildActionMask = 2147483647;
			files = (
				D3A2143F23004C6C005E8A1D /* Player.swift in Sources */,
				D3A214472300842C005E8A1D /* mainBK.swift in Sources */,
				D3A2143D23004C64005E8A1D /* extension.swift in Sources */,
				D3A2144523004E6E005E8A1D /* main0000.swift in Sources */,
				D3A2143B23004C59005E8A1D /* chessBoardPosition.swift in Sources */,
				D3A2144323004C80005E8A1D /* weight.swift in Sources */,
				D335829F230181F600618366 /* GameRecorder.swift in Sources */,
				D33635EC2307CB6600ED4E0C /* main.swift in Sources */,
				D3A2143423004C2A005E8A1D /* main00000000000.swift in Sources */,
				D3A2144123004C77005E8A1D /* Reversi.swift in Sources */,
			);
			runOnlyForDeploymentPostprocessing = 0;
		};
/* End PBXSourcesBuildPhase section */

/* Begin XCBuildConfiguration section */
		D3A2143523004C2A005E8A1D /* Debug */ = {
			isa = XCBuildConfiguration;
			buildSettings = {
				ALWAYS_SEARCH_USER_PATHS = NO;
				CLANG_ANALYZER_NONNULL = YES;
				CLANG_ANALYZER_NUMBER_OBJECT_CONVERSION = YES_AGGRESSIVE;
				CLANG_CXX_LANGUAGE_STANDARD = "gnu++14";
				CLANG_CXX_LIBRARY = "libc++";
				CLANG_ENABLE_MODULES = YES;
				CLANG_ENABLE_OBJC_ARC = YES;
				CLANG_ENABLE_OBJC_WEAK = YES;
				CLANG_WARN_BLOCK_CAPTURE_AUTORELEASING = YES;
				CLANG_WARN_BOOL_CONVERSION = YES;
				CLANG_WARN_COMMA = YES;
				CLANG_WARN_CONSTANT_CONVERSION = YES;
				CLANG_WARN_DEPRECATED_OBJC_IMPLEMENTATIONS = YES;
				CLANG_WARN_DIRECT_OBJC_ISA_USAGE = YES_ERROR;
				CLANG_WARN_DOCUMENTATION_COMMENTS = YES;
				CLANG_WARN_EMPTY_BODY = YES;
				CLANG_WARN_ENUM_CONVERSION = YES;
				CLANG_WARN_INFINITE_RECURSION = YES;
				CLANG_WARN_INT_CONVERSION = YES;
				CLANG_WARN_NON_LITERAL_NULL_CONVERSION = YES;
				CLANG_WARN_OBJC_IMPLICIT_RETAIN_SELF = YES;
				CLANG_WARN_OBJC_LITERAL_CONVERSION = YES;
				CLANG_WARN_OBJC_ROOT_CLASS = YES_ERROR;
				CLANG_WARN_RANGE_LOOP_ANALYSIS = YES;
				CLANG_WARN_STRICT_PROTOTYPES = YES;
				CLANG_WARN_SUSPICIOUS_MOVE = YES;
				CLANG_WARN_UNGUARDED_AVAILABILITY = YES_AGGRESSIVE;
				CLANG_WARN_UNREACHABLE_CODE = YES;
				CLANG_WARN__DUPLICATE_METHOD_MATCH = YES;
				CODE_SIGN_IDENTITY = "Mac Developer";
				COPY_PHASE_STRIP = NO;
				DEBUG_INFORMATION_FORMAT = dwarf;
				ENABLE_STRICT_OBJC_MSGSEND = YES;
				ENABLE_TESTABILITY = YES;
				GCC_C_LANGUAGE_STANDARD = gnu11;
				GCC_DYNAMIC_NO_PIC = NO;
				GCC_NO_COMMON_BLOCKS = YES;
				GCC_OPTIMIZATION_LEVEL = 0;
				GCC_PREPROCESSOR_DEFINITIONS = (
					"DEBUG=1",
					"$(inherited)",
				);
				GCC_WARN_64_TO_32_BIT_CONVERSION = YES;
				GCC_WARN_ABOUT_RETURN_TYPE = YES_ERROR;
				GCC_WARN_UNDECLARED_SELECTOR = YES;
				GCC_WARN_UNINITIALIZED_AUTOS = YES_AGGRESSIVE;
				GCC_WARN_UNUSED_FUNCTION = YES;
				GCC_WARN_UNUSED_VARIABLE = YES;
				MACOSX_DEPLOYMENT_TARGET = 10.14;
				MTL_ENABLE_DEBUG_INFO = INCLUDE_SOURCE;
				MTL_FAST_MATH = YES;
				ONLY_ACTIVE_ARCH = YES;
				SDKROOT = macosx;
				SWIFT_ACTIVE_COMPILATION_CONDITIONS = DEBUG;
				SWIFT_OPTIMIZATION_LEVEL = "-Onone";
			};
			name = Debug;
		};
		D3A2143623004C2A005E8A1D /* Release */ = {
			isa = XCBuildConfiguration;
			buildSettings = {
				ALWAYS_SEARCH_USER_PATHS = NO;
				CLANG_ANALYZER_NONNULL = YES;
				CLANG_ANALYZER_NUMBER_OBJECT_CONVERSION = YES_AGGRESSIVE;
				CLANG_CXX_LANGUAGE_STANDARD = "gnu++14";
				CLANG_CXX_LIBRARY = "libc++";
				CLANG_ENABLE_MODULES = YES;
				CLANG_ENABLE_OBJC_ARC = YES;
				CLANG_ENABLE_OBJC_WEAK = YES;
				CLANG_WARN_BLOCK_CAPTURE_AUTORELEASING = YES;
				CLANG_WARN_BOOL_CONVERSION = YES;
				CLANG_WARN_COMMA = YES;
				CLANG_WARN_CONSTANT_CONVERSION = YES;
				CLANG_WARN_DEPRECATED_OBJC_IMPLEMENTATIONS = YES;
				CLANG_WARN_DIRECT_OBJC_ISA_USAGE = YES_ERROR;
				CLANG_WARN_DOCUMENTATION_COMMENTS = YES;
				CLANG_WARN_EMPTY_BODY = YES;
				CLANG_WARN_ENUM_CONVERSION = YES;
				CLANG_WARN_INFINITE_RECURSION = YES;
				CLANG_WARN_INT_CONVERSION = YES;
				CLANG_WARN_NON_LITERAL_NULL_CONVERSION = YES;
				CLANG_WARN_OBJC_IMPLICIT_RETAIN_SELF = YES;
				CLANG_WARN_OBJC_LITERAL_CONVERSION = YES;
				CLANG_WARN_OBJC_ROOT_CLASS = YES_ERROR;
				CLANG_WARN_RANGE_LOOP_ANALYSIS = YES;
				CLANG_WARN_STRICT_PROTOTYPES = YES;
				CLANG_WARN_SUSPICIOUS_MOVE = YES;
				CLANG_WARN_UNGUARDED_AVAILABILITY = YES_AGGRESSIVE;
				CLANG_WARN_UNREACHABLE_CODE = YES;
				CLANG_WARN__DUPLICATE_METHOD_MATCH = YES;
				CODE_SIGN_IDENTITY = "Mac Developer";
				COPY_PHASE_STRIP = NO;
				DEBUG_INFORMATION_FORMAT = "dwarf-with-dsym";
				ENABLE_NS_ASSERTIONS = NO;
				ENABLE_STRICT_OBJC_MSGSEND = YES;
				GCC_C_LANGUAGE_STANDARD = gnu11;
				GCC_NO_COMMON_BLOCKS = YES;
				GCC_WARN_64_TO_32_BIT_CONVERSION = YES;
				GCC_WARN_ABOUT_RETURN_TYPE = YES_ERROR;
				GCC_WARN_UNDECLARED_SELECTOR = YES;
				GCC_WARN_UNINITIALIZED_AUTOS = YES_AGGRESSIVE;
				GCC_WARN_UNUSED_FUNCTION = YES;
				GCC_WARN_UNUSED_VARIABLE = YES;
				MACOSX_DEPLOYMENT_TARGET = 10.14;
				MTL_ENABLE_DEBUG_INFO = NO;
				MTL_FAST_MATH = YES;
				SDKROOT = macosx;
				SWIFT_COMPILATION_MODE = wholemodule;
				SWIFT_OPTIMIZATION_LEVEL = "-O";
			};
			name = Release;
		};
		D3A2143823004C2A005E8A1D /* Debug */ = {
			isa = XCBuildConfiguration;
			buildSettings = {
				CODE_SIGN_STYLE = Automatic;
				DEVELOPMENT_TEAM = 72SG7HW8AV;
				PRODUCT_NAME = "$(TARGET_NAME)";
				SWIFT_VERSION = 5.0;
			};
			name = Debug;
		};
		D3A2143923004C2A005E8A1D /* Release */ = {
			isa = XCBuildConfiguration;
			buildSettings = {
				CODE_SIGN_STYLE = Automatic;
				DEVELOPMENT_TEAM = 72SG7HW8AV;
				PRODUCT_NAME = "$(TARGET_NAME)";
				SWIFT_VERSION = 5.0;
			};
			name = Release;
		};
/* End XCBuildConfiguration section */

/* Begin XCConfigurationList section */
		D3A2142B23004C2A005E8A1D /* Build configuration list for PBXProject "AITrainingCommandLineVersion" */ = {
			isa = XCConfigurationList;
			buildConfigurations = (
				D3A2143523004C2A005E8A1D /* Debug */,
				D3A2143623004C2A005E8A1D /* Release */,
			);
			defaultConfigurationIsVisible = 0;
			defaultConfigurationName = Release;
		};
		D3A2143723004C2A005E8A1D /* Build configuration list for PBXNativeTarget "AITrainingCommandLineVersion" */ = {
			isa = XCConfigurationList;
			buildConfigurations = (
				D3A2143823004C2A005E8A1D /* Debug */,
				D3A2143923004C2A005E8A1D /* Release */,
			);
			defaultConfigurationIsVisible = 0;
			defaultConfigurationName = Release;
		};
/* End XCConfigurationList section */
	};
	rootObject = D3A2142823004C2A005E8A1D /* Project object */;
}
