// !$*UTF8*$!
{
	archiveVersion = 1;
	classes = {
	};
	objectVersion = 50;
	objects = {

/* Begin PBXFileReference section */
		D3F522A72350E2670061924D /* BMP.cpp */ = {isa = PBXFileReference; lastKnownFileType = sourcecode.cpp.cpp; path = BMP.cpp; sourceTree = "<group>"; };
		D3F522A82350E2670061924D /* BMP.hpp */ = {isa = PBXFileReference; lastKnownFileType = sourcecode.cpp.h; path = BMP.hpp; sourceTree = "<group>"; };
		D3F522A92350E2AF0061924D /* main.cpp */ = {isa = PBXFileReference; lastKnownFileType = sourcecode.cpp.cpp; path = main.cpp; sourceTree = "<group>"; };
		D3F522AA2350E2AF0061924D /* main.hpp */ = {isa = PBXFileReference; lastKnownFileType = sourcecode.cpp.h; path = main.hpp; sourceTree = "<group>"; };
/* End PBXFileReference section */

/* Begin PBXGroup section */
		D3F522A02350E23D0061924D = {
			isa = PBXGroup;
			children = (
				D3F522A92350E2AF0061924D /* main.cpp */,
				D3F522AA2350E2AF0061924D /* main.hpp */,
				D3F522A72350E2670061924D /* BMP.cpp */,
				D3F522A82350E2670061924D /* BMP.hpp */,
			);
			sourceTree = "<group>";
		};
/* End PBXGroup section */

/* Begin PBXProject section */
		D3F522A12350E23D0061924D /* Project object */ = {
			isa = PBXProject;
			attributes = {
				LastUpgradeCheck = 1100;
			};
			buildConfigurationList = D3F522A42350E23D0061924D /* Build configuration list for PBXProject "BMPtest" */;
			compatibilityVersion = "Xcode 9.3";
			developmentRegion = en;
			hasScannedForEncodings = 0;
			knownRegions = (
				en,
				Base,
			);
			mainGroup = D3F522A02350E23D0061924D;
			projectDirPath = "";
			projectRoot = "";
			targets = (
			);
		};
/* End PBXProject section */

/* Begin XCBuildConfiguration section */
		D3F522A52350E23D0061924D /* Debug */ = {
			isa = XCBuildConfiguration;
			buildSettings = {
			};
			name = Debug;
		};
		D3F522A62350E23D0061924D /* Release */ = {
			isa = XCBuildConfiguration;
			buildSettings = {
			};
			name = Release;
		};
/* End XCBuildConfiguration section */

/* Begin XCConfigurationList section */
		D3F522A42350E23D0061924D /* Build configuration list for PBXProject "BMPtest" */ = {
			isa = XCConfigurationList;
			buildConfigurations = (
				D3F522A52350E23D0061924D /* Debug */,
				D3F522A62350E23D0061924D /* Release */,
			);
			defaultConfigurationIsVisible = 0;
			defaultConfigurationName = Release;
		};
/* End XCConfigurationList section */
	};
	rootObject = D3F522A12350E23D0061924D /* Project object */;
}
